
Microsoft Visual Studio Solution File, Format Version 12.00
# Visual Studio 15
VisualStudioVersion = 15.0.28307.645
MinimumVisualStudioVersion = 10.0.40219.1
Project("{FAE04EC0-301F-11D3-BF4B-00C04F79EFBC}") = "TravelRecord.Android", "TravelRecord\TravelRecord.Android\TravelRecord.Android.csproj", "{8481CA92-BDE9-4030-8EC7-02972A62A331}"
EndProject
Project("{FAE04EC0-301F-11D3-BF4B-00C04F79EFBC}") = "TravelRecord.iOS", "TravelRecord\TravelRecord.iOS\TravelRecord.iOS.csproj", "{C4A83DFC-45B9-48F8-AC03-353E15244227}"
EndProject
Project("{FAE04EC0-301F-11D3-BF4B-00C04F79EFBC}") = "TravelRecord.UWP", "TravelRecord\TravelRecord.UWP\TravelRecord.UWP.csproj", "{18FB17A1-7B96-4DF1-BB0E-B66D14F87CFB}"
EndProject
Project("{FAE04EC0-301F-11D3-BF4B-00C04F79EFBC}") = "TravelRecord", "TravelRecord\TravelRecord\TravelRecord.csproj", "{CA1BDA21-0893-4993-BB7F-E56DFEE0A102}"
EndProject
Global
	GlobalSection(SolutionConfigurationPlatforms) = preSolution
		Ad-Hoc|Any CPU = Ad-Hoc|Any CPU
		Ad-Hoc|ARM = Ad-Hoc|ARM
		Ad-Hoc|iPhone = Ad-Hoc|iPhone
		Ad-Hoc|iPhoneSimulator = Ad-Hoc|iPhoneSimulator
		Ad-Hoc|x64 = Ad-Hoc|x64
		Ad-Hoc|x86 = Ad-Hoc|x86
		AppStore|Any CPU = AppStore|Any CPU
		AppStore|ARM = AppStore|ARM
		AppStore|iPhone = AppStore|iPhone
		AppStore|iPhoneSimulator = AppStore|iPhoneSimulator
		AppStore|x64 = AppStore|x64
		AppStore|x86 = AppStore|x86
		Debug|Any CPU = Debug|Any CPU
		Debug|ARM = Debug|ARM
		Debug|iPhone = Debug|iPhone
		Debug|iPhoneSimulator = Debug|iPhoneSimulator
		Debug|x64 = Debug|x64
		Debug|x86 = Debug|x86
		Release|Any CPU = Release|Any CPU
		Release|ARM = Release|ARM
		Release|iPhone = Release|iPhone
		Release|iPhoneSimulator = Release|iPhoneSimulator
		Release|x64 = Release|x64
		Release|x86 = Release|x86
	EndGlobalSection
	GlobalSection(ProjectConfigurationPlatforms) = postSolution
		{8481CA92-BDE9-4030-8EC7-02972A62A331}.Ad-Hoc|Any CPU.ActiveCfg = Release|Any CPU
		{8481CA92-BDE9-4030-8EC7-02972A62A331}.Ad-Hoc|Any CPU.Build.0 = Release|Any CPU
		{8481CA92-BDE9-4030-8EC7-02972A62A331}.Ad-Hoc|Any CPU.Deploy.0 = Release|Any CPU
		{8481CA92-BDE9-4030-8EC7-02972A62A331}.Ad-Hoc|ARM.ActiveCfg = Release|Any CPU
		{8481CA92-BDE9-4030-8EC7-02972A62A331}.Ad-Hoc|ARM.Build.0 = Release|Any CPU
		{8481CA92-BDE9-4030-8EC7-02972A62A331}.Ad-Hoc|ARM.Deploy.0 = Release|Any CPU
		{8481CA92-BDE9-4030-8EC7-02972A62A331}.Ad-Hoc|iPhone.ActiveCfg = Release|Any CPU
		{8481CA92-BDE9-4030-8EC7-02972A62A331}.Ad-Hoc|iPhone.Build.0 = Release|Any CPU
		{8481CA92-BDE9-4030-8EC7-02972A62A331}.Ad-Hoc|iPhone.Deploy.0 = Release|Any CPU
		{8481CA92-BDE9-4030-8EC7-02972A62A331}.Ad-Hoc|iPhoneSimulator.ActiveCfg = Release|Any CPU
		{8481CA92-BDE9-4030-8EC7-02972A62A331}.Ad-Hoc|iPhoneSimulator.Build.0 = Release|Any CPU
		{8481CA92-BDE9-4030-8EC7-02972A62A331}.Ad-Hoc|iPhoneSimulator.Deploy.0 = Release|Any CPU
		{8481CA92-BDE9-4030-8EC7-02972A62A331}.Ad-Hoc|x64.ActiveCfg = Release|Any CPU
		{8481CA92-BDE9-4030-8EC7-02972A62A331}.Ad-Hoc|x64.Build.0 = Release|Any CPU
		{8481CA92-BDE9-4030-8EC7-02972A62A331}.Ad-Hoc|x64.Deploy.0 = Release|Any CPU
		{8481CA92-BDE9-4030-8EC7-02972A62A331}.Ad-Hoc|x86.ActiveCfg = Release|Any CPU
		{8481CA92-BDE9-4030-8EC7-02972A62A331}.Ad-Hoc|x86.Build.0 = Release|Any CPU
		{8481CA92-BDE9-4030-8EC7-02972A62A331}.Ad-Hoc|x86.Deploy.0 = Release|Any CPU
		{8481CA92-BDE9-4030-8EC7-02972A62A331}.AppStore|Any CPU.ActiveCfg = Release|Any CPU
		{8481CA92-BDE9-4030-8EC7-02972A62A331}.AppStore|Any CPU.Build.0 = Release|Any CPU
		{8481CA92-BDE9-4030-8EC7-02972A62A331}.AppStore|Any CPU.Deploy.0 = Release|Any CPU
		{8481CA92-BDE9-4030-8EC7-02972A62A331}.AppStore|ARM.ActiveCfg = Release|Any CPU
		{8481CA92-BDE9-4030-8EC7-02972A62A331}.AppStore|ARM.Build.0 = Release|Any CPU
		{8481CA92-BDE9-4030-8EC7-02972A62A331}.AppStore|ARM.Deploy.0 = Release|Any CPU
		{8481CA92-BDE9-4030-8EC7-02972A62A331}.AppStore|iPhone.ActiveCfg = Release|Any CPU
		{8481CA92-BDE9-4030-8EC7-02972A62A331}.AppStore|iPhone.Build.0 = Release|Any CPU
		{8481CA92-BDE9-4030-8EC7-02972A62A331}.AppStore|iPhone.Deploy.0 = Release|Any CPU
		{8481CA92-BDE9-4030-8EC7-02972A62A331}.AppStore|iPhoneSimulator.ActiveCfg = Release|Any CPU
		{8481CA92-BDE9-4030-8EC7-02972A62A331}.AppStore|iPhoneSimulator.Build.0 = Release|Any CPU
		{8481CA92-BDE9-4030-8EC7-02972A62A331}.AppStore|iPhoneSimulator.Deploy.0 = Release|Any CPU
		{8481CA92-BDE9-4030-8EC7-02972A62A331}.AppStore|x64.ActiveCfg = Release|Any CPU
		{8481CA92-BDE9-4030-8EC7-02972A62A331}.AppStore|x64.Build.0 = Release|Any CPU
		{8481CA92-BDE9-4030-8EC7-02972A62A331}.AppStore|x64.Deploy.0 = Release|Any CPU
		{8481CA92-BDE9-4030-8EC7-02972A62A331}.AppStore|x86.ActiveCfg = Release|Any CPU
		{8481CA92-BDE9-4030-8EC7-02972A62A331}.AppStore|x86.Build.0 = Release|Any CPU
		{8481CA92-BDE9-4030-8EC7-02972A62A331}.AppStore|x86.Deploy.0 = Release|Any CPU
		{8481CA92-BDE9-4030-8EC7-02972A62A331}.Debug|Any CPU.ActiveCfg = Debug|Any CPU
		{8481CA92-BDE9-4030-8EC7-02972A62A331}.Debug|Any CPU.Build.0 = Debug|Any CPU
		{8481CA92-BDE9-4030-8EC7-02972A62A331}.Debug|Any CPU.Deploy.0 = Debug|Any CPU
		{8481CA92-BDE9-4030-8EC7-02972A62A331}.Debug|ARM.ActiveCfg = Debug|Any CPU
		{8481CA92-BDE9-4030-8EC7-02972A62A331}.Debug|ARM.Build.0 = Debug|Any CPU
		{8481CA92-BDE9-4030-8EC7-02972A62A331}.Debug|ARM.Deploy.0 = Debug|Any CPU
		{8481CA92-BDE9-4030-8EC7-02972A62A331}.Debug|iPhone.ActiveCfg = Debug|Any CPU
		{8481CA92-BDE9-4030-8EC7-02972A62A331}.Debug|iPhone.Build.0 = Debug|Any CPU
		{8481CA92-BDE9-4030-8EC7-02972A62A331}.Debug|iPhone.Deploy.0 = Debug|Any CPU
		{8481CA92-BDE9-4030-8EC7-02972A62A331}.Debug|iPhoneSimulator.ActiveCfg = Debug|Any CPU
		{8481CA92-BDE9-4030-8EC7-02972A62A331}.Debug|iPhoneSimulator.Build.0 = Debug|Any CPU
		{8481CA92-BDE9-4030-8EC7-02972A62A331}.Debug|iPhoneSimulator.Deploy.0 = Debug|Any CPU
		{8481CA92-BDE9-4030-8EC7-02972A62A331}.Debug|x64.ActiveCfg = Debug|Any CPU
		{8481CA92-BDE9-4030-8EC7-02972A62A331}.Debug|x64.Build.0 = Debug|Any CPU
		{8481CA92-BDE9-4030-8EC7-02972A62A331}.Debug|x64.Deploy.0 = Debug|Any CPU
		{8481CA92-BDE9-4030-8EC7-02972A62A331}.Debug|x86.ActiveCfg = Debug|Any CPU
		{8481CA92-BDE9-4030-8EC7-02972A62A331}.Debug|x86.Build.0 = Debug|Any CPU
		{8481CA92-BDE9-4030-8EC7-02972A62A331}.Debug|x86.Deploy.0 = Debug|Any CPU
		{8481CA92-BDE9-4030-8EC7-02972A62A331}.Release|Any CPU.ActiveCfg = Release|Any CPU
		{8481CA92-BDE9-4030-8EC7-02972A62A331}.Release|Any CPU.Build.0 = Release|Any CPU
		{8481CA92-BDE9-4030-8EC7-02972A62A331}.Release|Any CPU.Deploy.0 = Release|Any CPU
		{8481CA92-BDE9-4030-8EC7-02972A62A331}.Release|ARM.ActiveCfg = Release|Any CPU
		{8481CA92-BDE9-4030-8EC7-02972A62A331}.Release|ARM.Build.0 = Release|Any CPU
		{8481CA92-BDE9-4030-8EC7-02972A62A331}.Release|ARM.Deploy.0 = Release|Any CPU
		{8481CA92-BDE9-4030-8EC7-02972A62A331}.Release|iPhone.ActiveCfg = Release|Any CPU
		{8481CA92-BDE9-4030-8EC7-02972A62A331}.Release|iPhone.Build.0 = Release|Any CPU
		{8481CA92-BDE9-4030-8EC7-02972A62A331}.Release|iPhone.Deploy.0 = Release|Any CPU
		{8481CA92-BDE9-4030-8EC7-02972A62A331}.Release|iPhoneSimulator.ActiveCfg = Release|Any CPU
		{8481CA92-BDE9-4030-8EC7-02972A62A331}.Release|iPhoneSimulator.Build.0 = Release|Any CPU
		{8481CA92-BDE9-4030-8EC7-02972A62A331}.Release|iPhoneSimulator.Deploy.0 = Release|Any CPU
		{8481CA92-BDE9-4030-8EC7-02972A62A331}.Release|x64.ActiveCfg = Release|Any CPU
		{8481CA92-BDE9-4030-8EC7-02972A62A331}.Release|x64.Build.0 = Release|Any CPU
		{8481CA92-BDE9-4030-8EC7-02972A62A331}.Release|x64.Deploy.0 = Release|Any CPU
		{8481CA92-BDE9-4030-8EC7-02972A62A331}.Release|x86.ActiveCfg = Release|Any CPU
		{8481CA92-BDE9-4030-8EC7-02972A62A331}.Release|x86.Build.0 = Release|Any CPU
		{8481CA92-BDE9-4030-8EC7-02972A62A331}.Release|x86.Deploy.0 = Release|Any CPU
		{C4A83DFC-45B9-48F8-AC03-353E15244227}.Ad-Hoc|Any CPU.ActiveCfg = Ad-Hoc|iPhone
		{C4A83DFC-45B9-48F8-AC03-353E15244227}.Ad-Hoc|Any CPU.Build.0 = Ad-Hoc|iPhone
		{C4A83DFC-45B9-48F8-AC03-353E15244227}.Ad-Hoc|Any CPU.Deploy.0 = Ad-Hoc|iPhone
		{C4A83DFC-45B9-48F8-AC03-353E15244227}.Ad-Hoc|ARM.ActiveCfg = Ad-Hoc|iPhone
		{C4A83DFC-45B9-48F8-AC03-353E15244227}.Ad-Hoc|ARM.Build.0 = Ad-Hoc|iPhone
		{C4A83DFC-45B9-48F8-AC03-353E15244227}.Ad-Hoc|ARM.Deploy.0 = Ad-Hoc|iPhone
		{C4A83DFC-45B9-48F8-AC03-353E15244227}.Ad-Hoc|iPhone.ActiveCfg = Ad-Hoc|iPhone
		{C4A83DFC-45B9-48F8-AC03-353E15244227}.Ad-Hoc|iPhone.Build.0 = Ad-Hoc|iPhone
		{C4A83DFC-45B9-48F8-AC03-353E15244227}.Ad-Hoc|iPhone.Deploy.0 = Ad-Hoc|iPhone
		{C4A83DFC-45B9-48F8-AC03-353E15244227}.Ad-Hoc|iPhoneSimulator.ActiveCfg = Ad-Hoc|iPhoneSimulator
		{C4A83DFC-45B9-48F8-AC03-353E15244227}.Ad-Hoc|iPhoneSimulator.Build.0 = Ad-Hoc|iPhoneSimulator
		{C4A83DFC-45B9-48F8-AC03-353E15244227}.Ad-Hoc|iPhoneSimulator.Deploy.0 = Ad-Hoc|iPhoneSimulator
		{C4A83DFC-45B9-48F8-AC03-353E15244227}.Ad-Hoc|x64.ActiveCfg = Ad-Hoc|iPhone
		{C4A83DFC-45B9-48F8-AC03-353E15244227}.Ad-Hoc|x64.Build.0 = Ad-Hoc|iPhone
		{C4A83DFC-45B9-48F8-AC03-353E15244227}.Ad-Hoc|x64.Deploy.0 = Ad-Hoc|iPhone
		{C4A83DFC-45B9-48F8-AC03-353E15244227}.Ad-Hoc|x86.ActiveCfg = Ad-Hoc|iPhone
		{C4A83DFC-45B9-48F8-AC03-353E15244227}.Ad-Hoc|x86.Build.0 = Ad-Hoc|iPhone
		{C4A83DFC-45B9-48F8-AC03-353E15244227}.Ad-Hoc|x86.Deploy.0 = Ad-Hoc|iPhone
		{C4A83DFC-45B9-48F8-AC03-353E15244227}.AppStore|Any CPU.ActiveCfg = AppStore|iPhone
		{C4A83DFC-45B9-48F8-AC03-353E15244227}.AppStore|Any CPU.Build.0 = AppStore|iPhone
		{C4A83DFC-45B9-48F8-AC03-353E15244227}.AppStore|Any CPU.Deploy.0 = AppStore|iPhone
		{C4A83DFC-45B9-48F8-AC03-353E15244227}.AppStore|ARM.ActiveCfg = AppStore|iPhone
		{C4A83DFC-45B9-48F8-AC03-353E15244227}.AppStore|ARM.Build.0 = AppStore|iPhone
		{C4A83DFC-45B9-48F8-AC03-353E15244227}.AppStore|ARM.Deploy.0 = AppStore|iPhone
		{C4A83DFC-45B9-48F8-AC03-353E15244227}.AppStore|iPhone.ActiveCfg = AppStore|iPhone
		{C4A83DFC-45B9-48F8-AC03-353E15244227}.AppStore|iPhone.Build.0 = AppStore|iPhone
		{C4A83DFC-45B9-48F8-AC03-353E15244227}.AppStore|iPhone.Deploy.0 = AppStore|iPhone
		{C4A83DFC-45B9-48F8-AC03-353E15244227}.AppStore|iPhoneSimulator.ActiveCfg = AppStore|iPhoneSimulator
		{C4A83DFC-45B9-48F8-AC03-353E15244227}.AppStore|iPhoneSimulator.Build.0 = AppStore|iPhoneSimulator
		{C4A83DFC-45B9-48F8-AC03-353E15244227}.AppStore|iPhoneSimulator.Deploy.0 = AppStore|iPhoneSimulator
		{C4A83DFC-45B9-48F8-AC03-353E15244227}.AppStore|x64.ActiveCfg = AppStore|iPhone
		{C4A83DFC-45B9-48F8-AC03-353E15244227}.AppStore|x64.Build.0 = AppStore|iPhone
		{C4A83DFC-45B9-48F8-AC03-353E15244227}.AppStore|x64.Deploy.0 = AppStore|iPhone
		{C4A83DFC-45B9-48F8-AC03-353E15244227}.AppStore|x86.ActiveCfg = AppStore|iPhone
		{C4A83DFC-45B9-48F8-AC03-353E15244227}.AppStore|x86.Build.0 = AppStore|iPhone
		{C4A83DFC-45B9-48F8-AC03-353E15244227}.AppStore|x86.Deploy.0 = AppStore|iPhone
		{C4A83DFC-45B9-48F8-AC03-353E15244227}.Debug|Any CPU.ActiveCfg = Debug|iPhoneSimulator
		{C4A83DFC-45B9-48F8-AC03-353E15244227}.Debug|Any CPU.Build.0 = Debug|iPhoneSimulator
		{C4A83DFC-45B9-48F8-AC03-353E15244227}.Debug|Any CPU.Deploy.0 = Debug|iPhoneSimulator
		{C4A83DFC-45B9-48F8-AC03-353E15244227}.Debug|ARM.ActiveCfg = Debug|iPhone
		{C4A83DFC-45B9-48F8-AC03-353E15244227}.Debug|ARM.Build.0 = Debug|iPhone
		{C4A83DFC-45B9-48F8-AC03-353E15244227}.Debug|ARM.Deploy.0 = Debug|iPhone
		{C4A83DFC-45B9-48F8-AC03-353E15244227}.Debug|iPhone.ActiveCfg = Debug|iPhone
		{C4A83DFC-45B9-48F8-AC03-353E15244227}.Debug|iPhone.Build.0 = Debug|iPhone
		{C4A83DFC-45B9-48F8-AC03-353E15244227}.Debug|iPhone.Deploy.0 = Debug|iPhone
		{C4A83DFC-45B9-48F8-AC03-353E15244227}.Debug|iPhoneSimulator.ActiveCfg = Debug|iPhoneSimulator
		{C4A83DFC-45B9-48F8-AC03-353E15244227}.Debug|iPhoneSimulator.Build.0 = Debug|iPhoneSimulator
		{C4A83DFC-45B9-48F8-AC03-353E15244227}.Debug|iPhoneSimulator.Deploy.0 = Debug|iPhoneSimulator
		{C4A83DFC-45B9-48F8-AC03-353E15244227}.Debug|x64.ActiveCfg = Debug|iPhone
		{C4A83DFC-45B9-48F8-AC03-353E15244227}.Debug|x64.Build.0 = Debug|iPhone
		{C4A83DFC-45B9-48F8-AC03-353E15244227}.Debug|x64.Deploy.0 = Debug|iPhone
		{C4A83DFC-45B9-48F8-AC03-353E15244227}.Debug|x86.ActiveCfg = Debug|iPhone
		{C4A83DFC-45B9-48F8-AC03-353E15244227}.Debug|x86.Build.0 = Debug|iPhone
		{C4A83DFC-45B9-48F8-AC03-353E15244227}.Debug|x86.Deploy.0 = Debug|iPhone
		{C4A83DFC-45B9-48F8-AC03-353E15244227}.Release|Any CPU.ActiveCfg = Release|iPhone
		{C4A83DFC-45B9-48F8-AC03-353E15244227}.Release|Any CPU.Build.0 = Release|iPhone
		{C4A83DFC-45B9-48F8-AC03-353E15244227}.Release|Any CPU.Deploy.0 = Release|iPhone
		{C4A83DFC-45B9-48F8-AC03-353E15244227}.Release|ARM.ActiveCfg = Release|iPhone
		{C4A83DFC-45B9-48F8-AC03-353E15244227}.Release|ARM.Build.0 = Release|iPhone
		{C4A83DFC-45B9-48F8-AC03-353E15244227}.Release|ARM.Deploy.0 = Release|iPhone
		{C4A83DFC-45B9-48F8-AC03-353E15244227}.Release|iPhone.ActiveCfg = Release|iPhone
		{C4A83DFC-45B9-48F8-AC03-353E15244227}.Release|iPhone.Build.0 = Release|iPhone
		{C4A83DFC-45B9-48F8-AC03-353E15244227}.Release|iPhone.Deploy.0 = Release|iPhone
		{C4A83DFC-45B9-48F8-AC03-353E15244227}.Release|iPhoneSimulator.ActiveCfg = Release|iPhoneSimulator
		{C4A83DFC-45B9-48F8-AC03-353E15244227}.Release|iPhoneSimulator.Build.0 = Release|iPhoneSimulator
		{C4A83DFC-45B9-48F8-AC03-353E15244227}.Release|iPhoneSimulator.Deploy.0 = Release|iPhoneSimulator
		{C4A83DFC-45B9-48F8-AC03-353E15244227}.Release|x64.ActiveCfg = Release|iPhone
		{C4A83DFC-45B9-48F8-AC03-353E15244227}.Release|x64.Build.0 = Release|iPhone
		{C4A83DFC-45B9-48F8-AC03-353E15244227}.Release|x64.Deploy.0 = Release|iPhone
		{C4A83DFC-45B9-48F8-AC03-353E15244227}.Release|x86.ActiveCfg = Release|iPhone
		{C4A83DFC-45B9-48F8-AC03-353E15244227}.Release|x86.Build.0 = Release|iPhone
		{C4A83DFC-45B9-48F8-AC03-353E15244227}.Release|x86.Deploy.0 = Release|iPhone
		{18FB17A1-7B96-4DF1-BB0E-B66D14F87CFB}.Ad-Hoc|Any CPU.ActiveCfg = Release|x86
		{18FB17A1-7B96-4DF1-BB0E-B66D14F87CFB}.Ad-Hoc|Any CPU.Build.0 = Release|x86
		{18FB17A1-7B96-4DF1-BB0E-B66D14F87CFB}.Ad-Hoc|Any CPU.Deploy.0 = Release|x86
		{18FB17A1-7B96-4DF1-BB0E-B66D14F87CFB}.Ad-Hoc|ARM.ActiveCfg = Release|ARM
		{18FB17A1-7B96-4DF1-BB0E-B66D14F87CFB}.Ad-Hoc|ARM.Build.0 = Release|ARM
		{18FB17A1-7B96-4DF1-BB0E-B66D14F87CFB}.Ad-Hoc|ARM.Deploy.0 = Release|ARM
		{18FB17A1-7B96-4DF1-BB0E-B66D14F87CFB}.Ad-Hoc|iPhone.ActiveCfg = Release|x86
		{18FB17A1-7B96-4DF1-BB0E-B66D14F87CFB}.Ad-Hoc|iPhone.Build.0 = Release|x86
		{18FB17A1-7B96-4DF1-BB0E-B66D14F87CFB}.Ad-Hoc|iPhone.Deploy.0 = Release|x86
		{18FB17A1-7B96-4DF1-BB0E-B66D14F87CFB}.Ad-Hoc|iPhoneSimulator.ActiveCfg = Release|x86
		{18FB17A1-7B96-4DF1-BB0E-B66D14F87CFB}.Ad-Hoc|iPhoneSimulator.Build.0 = Release|x86
		{18FB17A1-7B96-4DF1-BB0E-B66D14F87CFB}.Ad-Hoc|iPhoneSimulator.Deploy.0 = Release|x86
		{18FB17A1-7B96-4DF1-BB0E-B66D14F87CFB}.Ad-Hoc|x64.ActiveCfg = Release|x64
		{18FB17A1-7B96-4DF1-BB0E-B66D14F87CFB}.Ad-Hoc|x64.Build.0 = Release|x64
		{18FB17A1-7B96-4DF1-BB0E-B66D14F87CFB}.Ad-Hoc|x64.Deploy.0 = Release|x64
		{18FB17A1-7B96-4DF1-BB0E-B66D14F87CFB}.Ad-Hoc|x86.ActiveCfg = Release|x86
		{18FB17A1-7B96-4DF1-BB0E-B66D14F87CFB}.Ad-Hoc|x86.Build.0 = Release|x86
		{18FB17A1-7B96-4DF1-BB0E-B66D14F87CFB}.Ad-Hoc|x86.Deploy.0 = Release|x86
		{18FB17A1-7B96-4DF1-BB0E-B66D14F87CFB}.AppStore|Any CPU.ActiveCfg = Release|x86
		{18FB17A1-7B96-4DF1-BB0E-B66D14F87CFB}.AppStore|Any CPU.Build.0 = Release|x86
		{18FB17A1-7B96-4DF1-BB0E-B66D14F87CFB}.AppStore|Any CPU.Deploy.0 = Release|x86
		{18FB17A1-7B96-4DF1-BB0E-B66D14F87CFB}.AppStore|ARM.ActiveCfg = Release|ARM
		{18FB17A1-7B96-4DF1-BB0E-B66D14F87CFB}.AppStore|ARM.Build.0 = Release|ARM
		{18FB17A1-7B96-4DF1-BB0E-B66D14F87CFB}.AppStore|ARM.Deploy.0 = Release|ARM
		{18FB17A1-7B96-4DF1-BB0E-B66D14F87CFB}.AppStore|iPhone.ActiveCfg = Release|x86
		{18FB17A1-7B96-4DF1-BB0E-B66D14F87CFB}.AppStore|iPhone.Build.0 = Release|x86
		{18FB17A1-7B96-4DF1-BB0E-B66D14F87CFB}.AppStore|iPhone.Deploy.0 = Release|x86
		{18FB17A1-7B96-4DF1-BB0E-B66D14F87CFB}.AppStore|iPhoneSimulator.ActiveCfg = Release|x86
		{18FB17A1-7B96-4DF1-BB0E-B66D14F87CFB}.AppStore|iPhoneSimulator.Build.0 = Release|x86
		{18FB17A1-7B96-4DF1-BB0E-B66D14F87CFB}.AppStore|iPhoneSimulator.Deploy.0 = Release|x86
		{18FB17A1-7B96-4DF1-BB0E-B66D14F87CFB}.AppStore|x64.ActiveCfg = Release|x64
		{18FB17A1-7B96-4DF1-BB0E-B66D14F87CFB}.AppStore|x64.Build.0 = Release|x64
		{18FB17A1-7B96-4DF1-BB0E-B66D14F87CFB}.AppStore|x64.Deploy.0 = Release|x64
		{18FB17A1-7B96-4DF1-BB0E-B66D14F87CFB}.AppStore|x86.ActiveCfg = Release|x86
		{18FB17A1-7B96-4DF1-BB0E-B66D14F87CFB}.AppStore|x86.Build.0 = Release|x86
		{18FB17A1-7B96-4DF1-BB0E-B66D14F87CFB}.AppStore|x86.Deploy.0 = Release|x86
		{18FB17A1-7B96-4DF1-BB0E-B66D14F87CFB}.Debug|Any CPU.ActiveCfg = Debug|x86
		{18FB17A1-7B96-4DF1-BB0E-B66D14F87CFB}.Debug|Any CPU.Build.0 = Debug|x86
		{18FB17A1-7B96-4DF1-BB0E-B66D14F87CFB}.Debug|Any CPU.Deploy.0 = Debug|x86
		{18FB17A1-7B96-4DF1-BB0E-B66D14F87CFB}.Debug|ARM.ActiveCfg = Debug|ARM
		{18FB17A1-7B96-4DF1-BB0E-B66D14F87CFB}.Debug|ARM.Build.0 = Debug|ARM
		{18FB17A1-7B96-4DF1-BB0E-B66D14F87CFB}.Debug|ARM.Deploy.0 = Debug|ARM
		{18FB17A1-7B96-4DF1-BB0E-B66D14F87CFB}.Debug|iPhone.ActiveCfg = Debug|x86
		{18FB17A1-7B96-4DF1-BB0E-B66D14F87CFB}.Debug|iPhone.Build.0 = Debug|x86
		{18FB17A1-7B96-4DF1-BB0E-B66D14F87CFB}.Debug|iPhone.Deploy.0 = Debug|x86
		{18FB17A1-7B96-4DF1-BB0E-B66D14F87CFB}.Debug|iPhoneSimulator.ActiveCfg = Debug|x86
		{18FB17A1-7B96-4DF1-BB0E-B66D14F87CFB}.Debug|iPhoneSimulator.Build.0 = Debug|x86
		{18FB17A1-7B96-4DF1-BB0E-B66D14F87CFB}.Debug|iPhoneSimulator.Deploy.0 = Debug|x86
		{18FB17A1-7B96-4DF1-BB0E-B66D14F87CFB}.Debug|x64.ActiveCfg = Debug|x64
		{18FB17A1-7B96-4DF1-BB0E-B66D14F87CFB}.Debug|x64.Build.0 = Debug|x64
		{18FB17A1-7B96-4DF1-BB0E-B66D14F87CFB}.Debug|x64.Deploy.0 = Debug|x64
		{18FB17A1-7B96-4DF1-BB0E-B66D14F87CFB}.Debug|x86.ActiveCfg = Debug|x86
		{18FB17A1-7B96-4DF1-BB0E-B66D14F87CFB}.Debug|x86.Build.0 = Debug|x86
		{18FB17A1-7B96-4DF1-BB0E-B66D14F87CFB}.Debug|x86.Deploy.0 = Debug|x86
		{18FB17A1-7B96-4DF1-BB0E-B66D14F87CFB}.Release|Any CPU.ActiveCfg = Release|x86
		{18FB17A1-7B96-4DF1-BB0E-B66D14F87CFB}.Release|Any CPU.Build.0 = Release|x86
		{18FB17A1-7B96-4DF1-BB0E-B66D14F87CFB}.Release|Any CPU.Deploy.0 = Release|x86
		{18FB17A1-7B96-4DF1-BB0E-B66D14F87CFB}.Release|ARM.ActiveCfg = Release|ARM
		{18FB17A1-7B96-4DF1-BB0E-B66D14F87CFB}.Release|ARM.Build.0 = Release|ARM
		{18FB17A1-7B96-4DF1-BB0E-B66D14F87CFB}.Release|ARM.Deploy.0 = Release|ARM
		{18FB17A1-7B96-4DF1-BB0E-B66D14F87CFB}.Release|iPhone.ActiveCfg = Release|x86
		{18FB17A1-7B96-4DF1-BB0E-B66D14F87CFB}.Release|iPhone.Build.0 = Release|x86
		{18FB17A1-7B96-4DF1-BB0E-B66D14F87CFB}.Release|iPhone.Deploy.0 = Release|x86
		{18FB17A1-7B96-4DF1-BB0E-B66D14F87CFB}.Release|iPhoneSimulator.ActiveCfg = Release|x86
		{18FB17A1-7B96-4DF1-BB0E-B66D14F87CFB}.Release|iPhoneSimulator.Build.0 = Release|x86
		{18FB17A1-7B96-4DF1-BB0E-B66D14F87CFB}.Release|iPhoneSimulator.Deploy.0 = Release|x86
		{18FB17A1-7B96-4DF1-BB0E-B66D14F87CFB}.Release|x64.ActiveCfg = Release|x64
		{18FB17A1-7B96-4DF1-BB0E-B66D14F87CFB}.Release|x64.Build.0 = Release|x64
		{18FB17A1-7B96-4DF1-BB0E-B66D14F87CFB}.Release|x64.Deploy.0 = Release|x64
		{18FB17A1-7B96-4DF1-BB0E-B66D14F87CFB}.Release|x86.ActiveCfg = Release|x86
		{18FB17A1-7B96-4DF1-BB0E-B66D14F87CFB}.Release|x86.Build.0 = Release|x86
		{18FB17A1-7B96-4DF1-BB0E-B66D14F87CFB}.Release|x86.Deploy.0 = Release|x86
		{CA1BDA21-0893-4993-BB7F-E56DFEE0A102}.Ad-Hoc|Any CPU.ActiveCfg = Debug|Any CPU
		{CA1BDA21-0893-4993-BB7F-E56DFEE0A102}.Ad-Hoc|Any CPU.Build.0 = Debug|Any CPU
		{CA1BDA21-0893-4993-BB7F-E56DFEE0A102}.Ad-Hoc|Any CPU.Deploy.0 = Debug|Any CPU
		{CA1BDA21-0893-4993-BB7F-E56DFEE0A102}.Ad-Hoc|ARM.ActiveCfg = Debug|Any CPU
		{CA1BDA21-0893-4993-BB7F-E56DFEE0A102}.Ad-Hoc|ARM.Build.0 = Debug|Any CPU
		{CA1BDA21-0893-4993-BB7F-E56DFEE0A102}.Ad-Hoc|ARM.Deploy.0 = Debug|Any CPU
		{CA1BDA21-0893-4993-BB7F-E56DFEE0A102}.Ad-Hoc|iPhone.ActiveCfg = Debug|Any CPU
		{CA1BDA21-0893-4993-BB7F-E56DFEE0A102}.Ad-Hoc|iPhone.Build.0 = Debug|Any CPU
		{CA1BDA21-0893-4993-BB7F-E56DFEE0A102}.Ad-Hoc|iPhone.Deploy.0 = Debug|Any CPU
		{CA1BDA21-0893-4993-BB7F-E56DFEE0A102}.Ad-Hoc|iPhoneSimulator.ActiveCfg = Debug|Any CPU
		{CA1BDA21-0893-4993-BB7F-E56DFEE0A102}.Ad-Hoc|iPhoneSimulator.Build.0 = Debug|Any CPU
		{CA1BDA21-0893-4993-BB7F-E56DFEE0A102}.Ad-Hoc|iPhoneSimulator.Deploy.0 = Debug|Any CPU
		{CA1BDA21-0893-4993-BB7F-E56DFEE0A102}.Ad-Hoc|x64.ActiveCfg = Debug|Any CPU
		{CA1BDA21-0893-4993-BB7F-E56DFEE0A102}.Ad-Hoc|x64.Build.0 = Debug|Any CPU
		{CA1BDA21-0893-4993-BB7F-E56DFEE0A102}.Ad-Hoc|x64.Deploy.0 = Debug|Any CPU
		{CA1BDA21-0893-4993-BB7F-E56DFEE0A102}.Ad-Hoc|x86.ActiveCfg = Debug|Any CPU
		{CA1BDA21-0893-4993-BB7F-E56DFEE0A102}.Ad-Hoc|x86.Build.0 = Debug|Any CPU
		{CA1BDA21-0893-4993-BB7F-E56DFEE0A102}.Ad-Hoc|x86.Deploy.0 = Debug|Any CPU
		{CA1BDA21-0893-4993-BB7F-E56DFEE0A102}.AppStore|Any CPU.ActiveCfg = Debug|Any CPU
		{CA1BDA21-0893-4993-BB7F-E56DFEE0A102}.AppStore|Any CPU.Build.0 = Debug|Any CPU
		{CA1BDA21-0893-4993-BB7F-E56DFEE0A102}.AppStore|Any CPU.Deploy.0 = Debug|Any CPU
		{CA1BDA21-0893-4993-BB7F-E56DFEE0A102}.AppStore|ARM.ActiveCfg = Debug|Any CPU
		{CA1BDA21-0893-4993-BB7F-E56DFEE0A102}.AppStore|ARM.Build.0 = Debug|Any CPU
		{CA1BDA21-0893-4993-BB7F-E56DFEE0A102}.AppStore|ARM.Deploy.0 = Debug|Any CPU
		{CA1BDA21-0893-4993-BB7F-E56DFEE0A102}.AppStore|iPhone.ActiveCfg = Debug|Any CPU
		{CA1BDA21-0893-4993-BB7F-E56DFEE0A102}.AppStore|iPhone.Build.0 = Debug|Any CPU
		{CA1BDA21-0893-4993-BB7F-E56DFEE0A102}.AppStore|iPhone.Deploy.0 = Debug|Any CPU
		{CA1BDA21-0893-4993-BB7F-E56DFEE0A102}.AppStore|iPhoneSimulator.ActiveCfg = Debug|Any CPU
		{CA1BDA21-0893-4993-BB7F-E56DFEE0A102}.AppStore|iPhoneSimulator.Build.0 = Debug|Any CPU
		{CA1BDA21-0893-4993-BB7F-E56DFEE0A102}.AppStore|iPhoneSimulator.Deploy.0 = Debug|Any CPU
		{CA1BDA21-0893-4993-BB7F-E56DFEE0A102}.AppStore|x64.ActiveCfg = Debug|Any CPU
		{CA1BDA21-0893-4993-BB7F-E56DFEE0A102}.AppStore|x64.Build.0 = Debug|Any CPU
		{CA1BDA21-0893-4993-BB7F-E56DFEE0A102}.AppStore|x64.Deploy.0 = Debug|Any CPU
		{CA1BDA21-0893-4993-BB7F-E56DFEE0A102}.AppStore|x86.ActiveCfg = Debug|Any CPU
		{CA1BDA21-0893-4993-BB7F-E56DFEE0A102}.AppStore|x86.Build.0 = Debug|Any CPU
		{CA1BDA21-0893-4993-BB7F-E56DFEE0A102}.AppStore|x86.Deploy.0 = Debug|Any CPU
		{CA1BDA21-0893-4993-BB7F-E56DFEE0A102}.Debug|Any CPU.ActiveCfg = Debug|Any CPU
		{CA1BDA21-0893-4993-BB7F-E56DFEE0A102}.Debug|Any CPU.Build.0 = Debug|Any CPU
		{CA1BDA21-0893-4993-BB7F-E56DFEE0A102}.Debug|Any CPU.Deploy.0 = Debug|Any CPU
		{CA1BDA21-0893-4993-BB7F-E56DFEE0A102}.Debug|ARM.ActiveCfg = Debug|Any CPU
		{CA1BDA21-0893-4993-BB7F-E56DFEE0A102}.Debug|ARM.Build.0 = Debug|Any CPU
		{CA1BDA21-0893-4993-BB7F-E56DFEE0A102}.Debug|ARM.Deploy.0 = Debug|Any CPU
		{CA1BDA21-0893-4993-BB7F-E56DFEE0A102}.Debug|iPhone.ActiveCfg = Debug|Any CPU
		{CA1BDA21-0893-4993-BB7F-E56DFEE0A102}.Debug|iPhone.Build.0 = Debug|Any CPU
		{CA1BDA21-0893-4993-BB7F-E56DFEE0A102}.Debug|iPhone.Deploy.0 = Debug|Any CPU
		{CA1BDA21-0893-4993-BB7F-E56DFEE0A102}.Debug|iPhoneSimulator.ActiveCfg = Debug|Any CPU
		{CA1BDA21-0893-4993-BB7F-E56DFEE0A102}.Debug|iPhoneSimulator.Build.0 = Debug|Any CPU
		{CA1BDA21-0893-4993-BB7F-E56DFEE0A102}.Debug|iPhoneSimulator.Deploy.0 = Debug|Any CPU
		{CA1BDA21-0893-4993-BB7F-E56DFEE0A102}.Debug|x64.ActiveCfg = Debug|Any CPU
		{CA1BDA21-0893-4993-BB7F-E56DFEE0A102}.Debug|x64.Build.0 = Debug|Any CPU
		{CA1BDA21-0893-4993-BB7F-E56DFEE0A102}.Debug|x64.Deploy.0 = Debug|Any CPU
		{CA1BDA21-0893-4993-BB7F-E56DFEE0A102}.Debug|x86.ActiveCfg = Debug|Any CPU
		{CA1BDA21-0893-4993-BB7F-E56DFEE0A102}.Debug|x86.Build.0 = Debug|Any CPU
		{CA1BDA21-0893-4993-BB7F-E56DFEE0A102}.Debug|x86.Deploy.0 = Debug|Any CPU
		{CA1BDA21-0893-4993-BB7F-E56DFEE0A102}.Release|Any CPU.ActiveCfg = Release|Any CPU
		{CA1BDA21-0893-4993-BB7F-E56DFEE0A102}.Release|Any CPU.Build.0 = Release|Any CPU
		{CA1BDA21-0893-4993-BB7F-E56DFEE0A102}.Release|Any CPU.Deploy.0 = Release|Any CPU
		{CA1BDA21-0893-4993-BB7F-E56DFEE0A102}.Release|ARM.ActiveCfg = Release|Any CPU
		{CA1BDA21-0893-4993-BB7F-E56DFEE0A102}.Release|ARM.Build.0 = Release|Any CPU
		{CA1BDA21-0893-4993-BB7F-E56DFEE0A102}.Release|ARM.Deploy.0 = Release|Any CPU
		{CA1BDA21-0893-4993-BB7F-E56DFEE0A102}.Release|iPhone.ActiveCfg = Release|Any CPU
		{CA1BDA21-0893-4993-BB7F-E56DFEE0A102}.Release|iPhone.Build.0 = Release|Any CPU
		{CA1BDA21-0893-4993-BB7F-E56DFEE0A102}.Release|iPhone.Deploy.0 = Release|Any CPU
		{CA1BDA21-0893-4993-BB7F-E56DFEE0A102}.Release|iPhoneSimulator.ActiveCfg = Release|Any CPU
		{CA1BDA21-0893-4993-BB7F-E56DFEE0A102}.Release|iPhoneSimulator.Build.0 = Release|Any CPU
		{CA1BDA21-0893-4993-BB7F-E56DFEE0A102}.Release|iPhoneSimulator.Deploy.0 = Release|Any CPU
		{CA1BDA21-0893-4993-BB7F-E56DFEE0A102}.Release|x64.ActiveCfg = Release|Any CPU
		{CA1BDA21-0893-4993-BB7F-E56DFEE0A102}.Release|x64.Build.0 = Release|Any CPU
		{CA1BDA21-0893-4993-BB7F-E56DFEE0A102}.Release|x64.Deploy.0 = Release|Any CPU
		{CA1BDA21-0893-4993-BB7F-E56DFEE0A102}.Release|x86.ActiveCfg = Release|Any CPU
		{CA1BDA21-0893-4993-BB7F-E56DFEE0A102}.Release|x86.Build.0 = Release|Any CPU
		{CA1BDA21-0893-4993-BB7F-E56DFEE0A102}.Release|x86.Deploy.0 = Release|Any CPU
	EndGlobalSection
	GlobalSection(SolutionProperties) = preSolution
		HideSolutionNode = FALSE
	EndGlobalSection
	GlobalSection(ExtensibilityGlobals) = postSolution
		SolutionGuid = {4192EC1B-6754-4090-9FE0-7BAC41308A89}
	EndGlobalSection
EndGlobal
